# Generated by buf. DO NOT EDIT.
version: v1
deps:
  - remote: buf.build
    owner: travix
    repository: gotf
    commit: 1f6a97af3688491ba09debf3fe653c06
    digest: shake256:53eca4d01ba4730d6b45cd602bda095f04605df87a4fb69f740910c87202680690bd608eed97560e60ab40b8699c0562a4531a01add03852bb4e86633f64d17d
